{
  "version": 4,
  "terraform_version": "1.6.3",
  "serial": 18,
  "lineage": "83ea3c7b-84bb-6ab8-046c-9877fb01895b",
  "outputs": {
    "linux_vm_public_name": {
      "value": [
        "userid-sample-server.eastus.cloudapp.azure.com"
      ],
      "type": [
        "tuple",
        [
          "string"
        ]
      ]
    },
    "website_url": {
      "value": "https://staticwebsitetway2.blob.core.windows.net/web/index.html",
      "type": "string"
    }
  },
  "resources": [
    {
      "module": "module.linuxservers",
      "mode": "data",
      "type": "azurerm_public_ip",
      "name": "vm",
      "provider": "provider[\"registry.terraform.io/hashicorp/azurerm\"]",
      "instances": [
        {
          "index_key": 0,
          "schema_version": 0,
          "attributes": {
            "allocation_method": "Dynamic",
            "ddos_protection_mode": "VirtualNetworkInherited",
            "ddos_protection_plan_id": null,
            "domain_name_label": "userid-sample-server",
            "fqdn": "userid-sample-server.eastus.cloudapp.azure.com",
            "id": "/subscriptions/02cb372f-c8c5-4a0c-b9f4-574eeb4d6d38/resourceGroups/fall23-adv-scripting-azure-tway2/providers/Microsoft.Network/publicIPAddresses/Tighearnan-VM-pip-0",
            "idle_timeout_in_minutes": 4,
            "ip_address": "172.191.36.121",
            "ip_tags": {},
            "ip_version": "IPv4",
            "location": "eastus",
            "name": "Tighearnan-VM-pip-0",
            "resource_group_name": "fall23-adv-scripting-azure-tway2",
            "reverse_fqdn": "",
            "sku": "Basic",
            "tags": {
              "source": "terraform"
            },
            "timeouts": null,
            "zones": []
          },
          "sensitive_attributes": []
        }
      ]
    },
    {
      "module": "module.linuxservers",
      "mode": "managed",
      "type": "azurerm_availability_set",
      "name": "vm",
      "provider": "provider[\"registry.terraform.io/hashicorp/azurerm\"]",
      "instances": [
        {
          "index_key": 0,
          "schema_version": 0,
          "attributes": {
            "id": "/subscriptions/02cb372f-c8c5-4a0c-b9f4-574eeb4d6d38/resourceGroups/fall23-adv-scripting-azure-tway2/providers/Microsoft.Compute/availabilitySets/Tighearnan-VM-avset",
            "location": "eastus",
            "managed": true,
            "name": "Tighearnan-VM-avset",
            "platform_fault_domain_count": 2,
            "platform_update_domain_count": 2,
            "proximity_placement_group_id": null,
            "resource_group_name": "fall23-adv-scripting-azure-tway2",
            "tags": {
              "source": "terraform"
            },
            "timeouts": null
          },
          "sensitive_attributes": [],
          "private": "eyJlMmJmYjczMC1lY2FhLTExZTYtOGY4OC0zNDM2M2JjN2M0YzAiOnsiY3JlYXRlIjoxODAwMDAwMDAwMDAwLCJkZWxldGUiOjE4MDAwMDAwMDAwMDAsInJlYWQiOjMwMDAwMDAwMDAwMCwidXBkYXRlIjoxODAwMDAwMDAwMDAwfX0=",
          "dependencies": [
            "module.linuxservers.data.azurerm_resource_group.vm"
          ]
        }
      ]
    },
    {
      "module": "module.linuxservers",
      "mode": "managed",
      "type": "azurerm_network_interface",
      "name": "vm",
      "provider": "provider[\"registry.terraform.io/hashicorp/azurerm\"]",
      "instances": [
        {
          "index_key": 0,
          "schema_version": 0,
          "attributes": {
            "applied_dns_servers": [],
            "auxiliary_mode": "",
            "auxiliary_sku": "",
            "dns_servers": [],
            "edge_zone": "",
            "enable_accelerated_networking": false,
            "enable_ip_forwarding": false,
            "id": "/subscriptions/02cb372f-c8c5-4a0c-b9f4-574eeb4d6d38/resourceGroups/fall23-adv-scripting-azure-tway2/providers/Microsoft.Network/networkInterfaces/Tighearnan-VM-nic-0",
            "internal_dns_name_label": "",
            "internal_domain_name_suffix": "gllcl5chv0hexbig3aklbt0g4a.bx.internal.cloudapp.net",
            "ip_configuration": [
              {
                "gateway_load_balancer_frontend_ip_configuration_id": "",
                "name": "Tighearnan-VM-ip-0",
                "primary": true,
                "private_ip_address": "10.0.1.4",
                "private_ip_address_allocation": "Dynamic",
                "private_ip_address_version": "IPv4",
                "public_ip_address_id": "/subscriptions/02cb372f-c8c5-4a0c-b9f4-574eeb4d6d38/resourceGroups/fall23-adv-scripting-azure-tway2/providers/Microsoft.Network/publicIPAddresses/Tighearnan-VM-pip-0",
                "subnet_id": "/subscriptions/02cb372f-c8c5-4a0c-b9f4-574eeb4d6d38/resourceGroups/fall23-adv-scripting-azure-tway2/providers/Microsoft.Network/virtualNetworks/acctvnet/subnets/subnet1"
              }
            ],
            "location": "eastus",
            "mac_address": "60-45-BD-DA-A1-1E",
            "name": "Tighearnan-VM-nic-0",
            "private_ip_address": "10.0.1.4",
            "private_ip_addresses": [
              "10.0.1.4"
            ],
            "resource_group_name": "fall23-adv-scripting-azure-tway2",
            "tags": {
              "source": "terraform"
            },
            "timeouts": null,
            "virtual_machine_id": "/subscriptions/02cb372f-c8c5-4a0c-b9f4-574eeb4d6d38/resourceGroups/fall23-adv-scripting-azure-tway2/providers/Microsoft.Compute/virtualMachines/Tighearnan-VM-vmLinux-0"
          },
          "sensitive_attributes": [],
          "private": "eyJlMmJmYjczMC1lY2FhLTExZTYtOGY4OC0zNDM2M2JjN2M0YzAiOnsiY3JlYXRlIjoxODAwMDAwMDAwMDAwLCJkZWxldGUiOjE4MDAwMDAwMDAwMDAsInJlYWQiOjMwMDAwMDAwMDAwMCwidXBkYXRlIjoxODAwMDAwMDAwMDAwfX0=",
          "dependencies": [
            "module.linuxservers.azurerm_public_ip.vm",
            "module.linuxservers.data.azurerm_resource_group.vm",
            "module.network.azurerm_subnet.subnet_count",
            "module.network.azurerm_subnet.subnet_for_each",
            "module.network.azurerm_virtual_network.vnet",
            "module.network.data.azurerm_resource_group.network"
          ]
        }
      ]
    },
    {
      "module": "module.linuxservers",
      "mode": "managed",
      "type": "azurerm_network_interface_security_group_association",
      "name": "test",
      "provider": "provider[\"registry.terraform.io/hashicorp/azurerm\"]",
      "instances": [
        {
          "index_key": 0,
          "schema_version": 0,
          "attributes": {
            "id": "/subscriptions/02cb372f-c8c5-4a0c-b9f4-574eeb4d6d38/resourceGroups/fall23-adv-scripting-azure-tway2/providers/Microsoft.Network/networkInterfaces/Tighearnan-VM-nic-0|/subscriptions/02cb372f-c8c5-4a0c-b9f4-574eeb4d6d38/resourceGroups/fall23-adv-scripting-azure-tway2/providers/Microsoft.Network/networkSecurityGroups/Tighearnan-VM-nsg",
            "network_interface_id": "/subscriptions/02cb372f-c8c5-4a0c-b9f4-574eeb4d6d38/resourceGroups/fall23-adv-scripting-azure-tway2/providers/Microsoft.Network/networkInterfaces/Tighearnan-VM-nic-0",
            "network_security_group_id": "/subscriptions/02cb372f-c8c5-4a0c-b9f4-574eeb4d6d38/resourceGroups/fall23-adv-scripting-azure-tway2/providers/Microsoft.Network/networkSecurityGroups/Tighearnan-VM-nsg",
            "timeouts": null
          },
          "sensitive_attributes": [],
          "private": "eyJlMmJmYjczMC1lY2FhLTExZTYtOGY4OC0zNDM2M2JjN2M0YzAiOnsiY3JlYXRlIjoxODAwMDAwMDAwMDAwLCJkZWxldGUiOjE4MDAwMDAwMDAwMDAsInJlYWQiOjMwMDAwMDAwMDAwMH19",
          "dependencies": [
            "module.linuxservers.azurerm_network_interface.vm",
            "module.linuxservers.azurerm_network_security_group.vm",
            "module.linuxservers.azurerm_public_ip.vm",
            "module.linuxservers.data.azurerm_resource_group.vm",
            "module.network.azurerm_subnet.subnet_count",
            "module.network.azurerm_subnet.subnet_for_each",
            "module.network.azurerm_virtual_network.vnet",
            "module.network.data.azurerm_resource_group.network"
          ]
        }
      ]
    },
    {
      "module": "module.linuxservers",
      "mode": "managed",
      "type": "azurerm_network_security_group",
      "name": "vm",
      "provider": "provider[\"registry.terraform.io/hashicorp/azurerm\"]",
      "instances": [
        {
          "index_key": 0,
          "schema_version": 0,
          "attributes": {
            "id": "/subscriptions/02cb372f-c8c5-4a0c-b9f4-574eeb4d6d38/resourceGroups/fall23-adv-scripting-azure-tway2/providers/Microsoft.Network/networkSecurityGroups/Tighearnan-VM-nsg",
            "location": "eastus",
            "name": "Tighearnan-VM-nsg",
            "resource_group_name": "fall23-adv-scripting-azure-tway2",
            "security_rule": [
              {
                "access": "Allow",
                "description": "Allow remote protocol in from all locations",
                "destination_address_prefix": "*",
                "destination_address_prefixes": [],
                "destination_application_security_group_ids": [],
                "destination_port_range": "22",
                "destination_port_ranges": [],
                "direction": "Inbound",
                "name": "allow_remote_22_in_all",
                "priority": 101,
                "protocol": "Tcp",
                "source_address_prefix": "",
                "source_address_prefixes": [
                  "0.0.0.0/0"
                ],
                "source_application_security_group_ids": [],
                "source_port_range": "*",
                "source_port_ranges": []
              }
            ],
            "tags": {
              "source": "terraform"
            },
            "timeouts": null
          },
          "sensitive_attributes": [],
          "private": "eyJlMmJmYjczMC1lY2FhLTExZTYtOGY4OC0zNDM2M2JjN2M0YzAiOnsiY3JlYXRlIjoxODAwMDAwMDAwMDAwLCJkZWxldGUiOjE4MDAwMDAwMDAwMDAsInJlYWQiOjMwMDAwMDAwMDAwMCwidXBkYXRlIjoxODAwMDAwMDAwMDAwfX0=",
          "dependencies": [
            "module.linuxservers.data.azurerm_resource_group.vm"
          ]
        }
      ]
    },
    {
      "module": "module.linuxservers",
      "mode": "managed",
      "type": "azurerm_network_security_rule",
      "name": "vm",
      "provider": "provider[\"registry.terraform.io/hashicorp/azurerm\"]",
      "instances": [
        {
          "index_key": 0,
          "schema_version": 0,
          "attributes": {
            "access": "Allow",
            "description": "Allow remote protocol in from all locations",
            "destination_address_prefix": "*",
            "destination_address_prefixes": [],
            "destination_application_security_group_ids": [],
            "destination_port_range": "22",
            "destination_port_ranges": [],
            "direction": "Inbound",
            "id": "/subscriptions/02cb372f-c8c5-4a0c-b9f4-574eeb4d6d38/resourceGroups/fall23-adv-scripting-azure-tway2/providers/Microsoft.Network/networkSecurityGroups/Tighearnan-VM-nsg/securityRules/allow_remote_22_in_all",
            "name": "allow_remote_22_in_all",
            "network_security_group_name": "Tighearnan-VM-nsg",
            "priority": 101,
            "protocol": "Tcp",
            "resource_group_name": "fall23-adv-scripting-azure-tway2",
            "source_address_prefix": "",
            "source_address_prefixes": [
              "0.0.0.0/0"
            ],
            "source_application_security_group_ids": [],
            "source_port_range": "*",
            "source_port_ranges": [],
            "timeouts": null
          },
          "sensitive_attributes": [],
          "private": "eyJlMmJmYjczMC1lY2FhLTExZTYtOGY4OC0zNDM2M2JjN2M0YzAiOnsiY3JlYXRlIjoxODAwMDAwMDAwMDAwLCJkZWxldGUiOjE4MDAwMDAwMDAwMDAsInJlYWQiOjMwMDAwMDAwMDAwMCwidXBkYXRlIjoxODAwMDAwMDAwMDAwfX0=",
          "dependencies": [
            "module.linuxservers.azurerm_network_security_group.vm",
            "module.linuxservers.data.azurerm_resource_group.vm"
          ]
        }
      ]
    },
    {
      "module": "module.linuxservers",
      "mode": "managed",
      "type": "azurerm_public_ip",
      "name": "vm",
      "provider": "provider[\"registry.terraform.io/hashicorp/azurerm\"]",
      "instances": [
        {
          "index_key": 0,
          "schema_version": 0,
          "attributes": {
            "allocation_method": "Dynamic",
            "ddos_protection_mode": "VirtualNetworkInherited",
            "ddos_protection_plan_id": null,
            "domain_name_label": "userid-sample-server",
            "edge_zone": "",
            "fqdn": "userid-sample-server.eastus.cloudapp.azure.com",
            "id": "/subscriptions/02cb372f-c8c5-4a0c-b9f4-574eeb4d6d38/resourceGroups/fall23-adv-scripting-azure-tway2/providers/Microsoft.Network/publicIPAddresses/Tighearnan-VM-pip-0",
            "idle_timeout_in_minutes": 4,
            "ip_address": "172.191.36.121",
            "ip_tags": {},
            "ip_version": "IPv4",
            "location": "eastus",
            "name": "Tighearnan-VM-pip-0",
            "public_ip_prefix_id": null,
            "resource_group_name": "fall23-adv-scripting-azure-tway2",
            "reverse_fqdn": "",
            "sku": "Basic",
            "sku_tier": "Regional",
            "tags": {
              "source": "terraform"
            },
            "timeouts": null,
            "zones": []
          },
          "sensitive_attributes": [],
          "private": "eyJlMmJmYjczMC1lY2FhLTExZTYtOGY4OC0zNDM2M2JjN2M0YzAiOnsiY3JlYXRlIjoxODAwMDAwMDAwMDAwLCJkZWxldGUiOjE4MDAwMDAwMDAwMDAsInJlYWQiOjMwMDAwMDAwMDAwMCwidXBkYXRlIjoxODAwMDAwMDAwMDAwfX0=",
          "dependencies": [
            "module.linuxservers.data.azurerm_resource_group.vm"
          ],
          "create_before_destroy": true
        }
      ]
    },
    {
      "module": "module.linuxservers",
      "mode": "managed",
      "type": "azurerm_virtual_machine",
      "name": "vm_linux",
      "provider": "provider[\"registry.terraform.io/hashicorp/azurerm\"]",
      "instances": [
        {
          "index_key": 0,
          "schema_version": 0,
          "attributes": {
            "additional_capabilities": [],
            "availability_set_id": "/subscriptions/02cb372f-c8c5-4a0c-b9f4-574eeb4d6d38/resourcegroups/fall23-adv-scripting-azure-tway2/providers/microsoft.compute/availabilitysets/tighearnan-vm-avset",
            "boot_diagnostics": [
              {
                "enabled": false,
                "storage_uri": ""
              }
            ],
            "delete_data_disks_on_termination": false,
            "delete_os_disk_on_termination": true,
            "id": "/subscriptions/02cb372f-c8c5-4a0c-b9f4-574eeb4d6d38/resourceGroups/fall23-adv-scripting-azure-tway2/providers/Microsoft.Compute/virtualMachines/Tighearnan-VM-vmLinux-0",
            "identity": [],
            "license_type": null,
            "location": "eastus",
            "name": "Tighearnan-VM-vmLinux-0",
            "network_interface_ids": [
              "/subscriptions/02cb372f-c8c5-4a0c-b9f4-574eeb4d6d38/resourceGroups/fall23-adv-scripting-azure-tway2/providers/Microsoft.Network/networkInterfaces/Tighearnan-VM-nic-0"
            ],
            "os_profile": [
              {
                "admin_password": "",
                "admin_username": "azureuser",
                "computer_name": "Tighearnan-VM-0",
                "custom_data": ""
              }
            ],
            "os_profile_linux_config": [
              {
                "disable_password_authentication": true,
                "ssh_keys": [
                  {
                    "key_data": "ssh-rsa AAAAB3NzaC1yc2EAAAADAQABAAABgQDSOFOEfTZbpmQ5O6G8VkjK5tva/MNv1exGhDtTCdLCSwQxHDR1Z/haEyq8LJVkV1ZJjiI2/UalXiilyuNHmIF0j1/lSWw8AOJIVqWHwYFrldOKC99+e7bJVy19j6ggg9MyFcOrsUZjbY67dkUX+FGqZ5fj9nCotomid5BcY5OXL4qcon06kEErJjunVvz29m4wYYOwPmeWIVk6/ZP4H67P9fQlFPyOlNNOhKlatwIn2tEwvVGVEwOPcn4qVS04/3c90ZPvQ9+pTDVBJ6hZnVynmzczePAEAtdXR2INc2hCoZLMr+4X65dkte+IRlob6FX+ADlrOPqY+YwjQJ1KPGei96xendC8sBTIEl/qDnRW97mXHoQ9S68y2b/3ga6/LogM1ESWe2P9PUNZlNADJYtPNVakbXrPG5fj1Q36/haVD7q2S173DxhfxbDirlODUVAmjzLyKj5vW6xmnKkRtcoooPwzgOb9egtggX/cJ3eOag99xg0a9o8cKep7pCx5QEk= generated-by-azure\n",
                    "path": "/home/azureuser/.ssh/authorized_keys"
                  }
                ]
              }
            ],
            "os_profile_secrets": [],
            "os_profile_windows_config": [],
            "plan": [],
            "primary_network_interface_id": null,
            "proximity_placement_group_id": null,
            "resource_group_name": "fall23-adv-scripting-azure-tway2",
            "storage_data_disk": [],
            "storage_image_reference": [
              {
                "id": "",
                "offer": "UbuntuServer",
                "publisher": "Canonical",
                "sku": "18.04-LTS",
                "version": "latest"
              }
            ],
            "storage_os_disk": [
              {
                "caching": "ReadWrite",
                "create_option": "FromImage",
                "disk_size_gb": 30,
                "image_uri": "",
                "managed_disk_id": "/subscriptions/02cb372f-c8c5-4a0c-b9f4-574eeb4d6d38/resourceGroups/fall23-adv-scripting-azure-tway2/providers/Microsoft.Compute/disks/osdisk-Tighearnan-VM-0",
                "managed_disk_type": "Premium_LRS",
                "name": "osdisk-Tighearnan-VM-0",
                "os_type": "Linux",
                "vhd_uri": "",
                "write_accelerator_enabled": false
              }
            ],
            "tags": {
              "source": "terraform"
            },
            "timeouts": null,
            "vm_size": "Standard_B1s",
            "zones": []
          },
          "sensitive_attributes": [],
          "private": "eyJlMmJmYjczMC1lY2FhLTExZTYtOGY4OC0zNDM2M2JjN2M0YzAiOnsiY3JlYXRlIjozNjAwMDAwMDAwMDAwLCJkZWxldGUiOjM2MDAwMDAwMDAwMDAsInJlYWQiOjMwMDAwMDAwMDAwMCwidXBkYXRlIjozNjAwMDAwMDAwMDAwfX0=",
          "dependencies": [
            "module.linuxservers.azurerm_availability_set.vm",
            "module.linuxservers.azurerm_network_interface.vm",
            "module.linuxservers.azurerm_public_ip.vm",
            "module.linuxservers.azurerm_storage_account.vm_sa",
            "module.linuxservers.data.azurerm_resource_group.vm",
            "module.linuxservers.random_id.vm_sa",
            "module.network.azurerm_subnet.subnet_count",
            "module.network.azurerm_subnet.subnet_for_each",
            "module.network.azurerm_virtual_network.vnet",
            "module.network.data.azurerm_resource_group.network"
          ]
        }
      ]
    },
    {
      "module": "module.linuxservers",
      "mode": "managed",
      "type": "random_id",
      "name": "vm_sa",
      "provider": "provider[\"registry.terraform.io/hashicorp/random\"]",
      "instances": [
        {
          "schema_version": 0,
          "attributes": {
            "b64_std": "lIhOl9gu",
            "b64_url": "lIhOl9gu",
            "byte_length": 6,
            "dec": "163313155037230",
            "hex": "94884e97d82e",
            "id": "lIhOl9gu",
            "keepers": {
              "vm_hostname": "Tighearnan-VM"
            },
            "prefix": null
          },
          "sensitive_attributes": []
        }
      ]
    },
    {
      "module": "module.network",
      "mode": "data",
      "type": "azurerm_resource_group",
      "name": "network",
      "provider": "provider[\"registry.terraform.io/hashicorp/azurerm\"]",
      "instances": [
        {
          "index_key": 0,
          "schema_version": 0,
          "attributes": {
            "id": "/subscriptions/02cb372f-c8c5-4a0c-b9f4-574eeb4d6d38/resourceGroups/fall23-adv-scripting-azure-tway2",
            "location": "eastus",
            "managed_by": "",
            "name": "fall23-adv-scripting-azure-tway2",
            "tags": {},
            "timeouts": null
          },
          "sensitive_attributes": []
        }
      ]
    },
    {
      "module": "module.network",
      "mode": "managed",
      "type": "azurerm_subnet",
      "name": "subnet_count",
      "provider": "provider[\"registry.terraform.io/hashicorp/azurerm\"]",
      "instances": [
        {
          "index_key": 0,
          "schema_version": 0,
          "attributes": {
            "address_prefixes": [
              "10.0.1.0/24"
            ],
            "delegation": [],
            "enforce_private_link_endpoint_network_policies": false,
            "enforce_private_link_service_network_policies": false,
            "id": "/subscriptions/02cb372f-c8c5-4a0c-b9f4-574eeb4d6d38/resourceGroups/fall23-adv-scripting-azure-tway2/providers/Microsoft.Network/virtualNetworks/acctvnet/subnets/subnet1",
            "name": "subnet1",
            "private_endpoint_network_policies_enabled": true,
            "private_link_service_network_policies_enabled": true,
            "resource_group_name": "fall23-adv-scripting-azure-tway2",
            "service_endpoint_policy_ids": [],
            "service_endpoints": [],
            "timeouts": null,
            "virtual_network_name": "acctvnet"
          },
          "sensitive_attributes": [],
          "private": "eyJlMmJmYjczMC1lY2FhLTExZTYtOGY4OC0zNDM2M2JjN2M0YzAiOnsiY3JlYXRlIjoxODAwMDAwMDAwMDAwLCJkZWxldGUiOjE4MDAwMDAwMDAwMDAsInJlYWQiOjMwMDAwMDAwMDAwMCwidXBkYXRlIjoxODAwMDAwMDAwMDAwfX0=",
          "dependencies": [
            "module.network.azurerm_virtual_network.vnet",
            "module.network.data.azurerm_resource_group.network"
          ]
        }
      ]
    },
    {
      "module": "module.network",
      "mode": "managed",
      "type": "azurerm_virtual_network",
      "name": "vnet",
      "provider": "provider[\"registry.terraform.io/hashicorp/azurerm\"]",
      "instances": [
        {
          "schema_version": 0,
          "attributes": {
            "address_space": [
              "10.0.0.0/16"
            ],
            "bgp_community": "",
            "ddos_protection_plan": [],
            "dns_servers": [],
            "edge_zone": "",
            "encryption": [],
            "flow_timeout_in_minutes": 0,
            "guid": "fc25d632-ae47-4b8e-8506-e814b0cf46f0",
            "id": "/subscriptions/02cb372f-c8c5-4a0c-b9f4-574eeb4d6d38/resourceGroups/fall23-adv-scripting-azure-tway2/providers/Microsoft.Network/virtualNetworks/acctvnet",
            "location": "eastus",
            "name": "acctvnet",
            "resource_group_name": "fall23-adv-scripting-azure-tway2",
            "subnet": [
              {
                "address_prefix": "10.0.1.0/24",
                "id": "/subscriptions/02cb372f-c8c5-4a0c-b9f4-574eeb4d6d38/resourceGroups/fall23-adv-scripting-azure-tway2/providers/Microsoft.Network/virtualNetworks/acctvnet/subnets/subnet1",
                "name": "subnet1",
                "security_group": ""
              }
            ],
            "tags": {
              "environment": "dev"
            },
            "timeouts": null
          },
          "sensitive_attributes": [],
          "private": "eyJlMmJmYjczMC1lY2FhLTExZTYtOGY4OC0zNDM2M2JjN2M0YzAiOnsiY3JlYXRlIjoxODAwMDAwMDAwMDAwLCJkZWxldGUiOjE4MDAwMDAwMDAwMDAsInJlYWQiOjMwMDAwMDAwMDAwMCwidXBkYXRlIjoxODAwMDAwMDAwMDAwfX0=",
          "dependencies": [
            "module.network.data.azurerm_resource_group.network"
          ]
        }
      ]
    },
    {
      "module": "module.website",
      "mode": "managed",
      "type": "azurerm_storage_account",
      "name": "storage_account",
      "provider": "provider[\"registry.terraform.io/hashicorp/azurerm\"]",
      "instances": [
        {
          "schema_version": 4,
          "attributes": {
            "access_tier": "Hot",
            "account_kind": "StorageV2",
            "account_replication_type": "LRS",
            "account_tier": "Standard",
            "allow_nested_items_to_be_public": true,
            "allowed_copy_scope": "",
            "azure_files_authentication": [],
            "blob_properties": [
              {
                "change_feed_enabled": false,
                "change_feed_retention_in_days": 0,
                "container_delete_retention_policy": [],
                "cors_rule": [],
                "default_service_version": "",
                "delete_retention_policy": [],
                "last_access_time_enabled": false,
                "restore_policy": [],
                "versioning_enabled": false
              }
            ],
            "cross_tenant_replication_enabled": true,
            "custom_domain": [],
            "customer_managed_key": [],
            "default_to_oauth_authentication": false,
            "edge_zone": "",
            "enable_https_traffic_only": true,
            "id": "/subscriptions/02cb372f-c8c5-4a0c-b9f4-574eeb4d6d38/resourceGroups/fall23-adv-scripting-azure-tway2/providers/Microsoft.Storage/storageAccounts/staticwebsitetway2",
            "identity": [],
            "immutability_policy": [],
            "infrastructure_encryption_enabled": false,
            "is_hns_enabled": false,
            "large_file_share_enabled": null,
            "location": "eastus",
            "min_tls_version": "TLS1_2",
            "name": "staticwebsitetway2",
            "network_rules": [
              {
                "bypass": [
                  "AzureServices"
                ],
                "default_action": "Allow",
                "ip_rules": [],
                "private_link_access": [],
                "virtual_network_subnet_ids": []
              }
            ],
            "nfsv3_enabled": false,
            "primary_access_key": "ZmaSu+JEOtgkV2do1QFCssuo7ZCHt1bQaEvAwA0rQd1qQLIgbutf0Mc1h2x2xnIQObS23as3kXAy+AStFBIH0Q==",
            "primary_blob_connection_string": "DefaultEndpointsProtocol=https;BlobEndpoint=https://staticwebsitetway2.blob.core.windows.net/;AccountName=staticwebsitetway2;AccountKey=ZmaSu+JEOtgkV2do1QFCssuo7ZCHt1bQaEvAwA0rQd1qQLIgbutf0Mc1h2x2xnIQObS23as3kXAy+AStFBIH0Q==",
            "primary_blob_endpoint": "https://staticwebsitetway2.blob.core.windows.net/",
            "primary_blob_host": "staticwebsitetway2.blob.core.windows.net",
            "primary_connection_string": "DefaultEndpointsProtocol=https;AccountName=staticwebsitetway2;AccountKey=ZmaSu+JEOtgkV2do1QFCssuo7ZCHt1bQaEvAwA0rQd1qQLIgbutf0Mc1h2x2xnIQObS23as3kXAy+AStFBIH0Q==;EndpointSuffix=core.windows.net",
            "primary_dfs_endpoint": "https://staticwebsitetway2.dfs.core.windows.net/",
            "primary_dfs_host": "staticwebsitetway2.dfs.core.windows.net",
            "primary_file_endpoint": "https://staticwebsitetway2.file.core.windows.net/",
            "primary_file_host": "staticwebsitetway2.file.core.windows.net",
            "primary_location": "eastus",
            "primary_queue_endpoint": "https://staticwebsitetway2.queue.core.windows.net/",
            "primary_queue_host": "staticwebsitetway2.queue.core.windows.net",
            "primary_table_endpoint": "https://staticwebsitetway2.table.core.windows.net/",
            "primary_table_host": "staticwebsitetway2.table.core.windows.net",
            "primary_web_endpoint": "https://staticwebsitetway2.z13.web.core.windows.net/",
            "primary_web_host": "staticwebsitetway2.z13.web.core.windows.net",
            "public_network_access_enabled": true,
            "queue_encryption_key_type": "Service",
            "queue_properties": [
              {
                "cors_rule": [],
                "hour_metrics": [
                  {
                    "enabled": true,
                    "include_apis": true,
                    "retention_policy_days": 7,
                    "version": "1.0"
                  }
                ],
                "logging": [
                  {
                    "delete": false,
                    "read": false,
                    "retention_policy_days": 0,
                    "version": "1.0",
                    "write": false
                  }
                ],
                "minute_metrics": [
                  {
                    "enabled": false,
                    "include_apis": false,
                    "retention_policy_days": 0,
                    "version": "1.0"
                  }
                ]
              }
            ],
            "resource_group_name": "fall23-adv-scripting-azure-tway2",
            "routing": [],
            "sas_policy": [],
            "secondary_access_key": "YAhb3FnBzSkb7yb5IgySUYL6ioYb3gHUNArAbtiwW1sgi7rFsazLsNQyEmYyDc51aGJ9qdWzRvr9+AStB27h6g==",
            "secondary_blob_connection_string": "",
            "secondary_blob_endpoint": null,
            "secondary_blob_host": null,
            "secondary_connection_string": "DefaultEndpointsProtocol=https;AccountName=staticwebsitetway2;AccountKey=YAhb3FnBzSkb7yb5IgySUYL6ioYb3gHUNArAbtiwW1sgi7rFsazLsNQyEmYyDc51aGJ9qdWzRvr9+AStB27h6g==;EndpointSuffix=core.windows.net",
            "secondary_dfs_endpoint": null,
            "secondary_dfs_host": null,
            "secondary_file_endpoint": null,
            "secondary_file_host": null,
            "secondary_location": "",
            "secondary_queue_endpoint": null,
            "secondary_queue_host": null,
            "secondary_table_endpoint": null,
            "secondary_table_host": null,
            "secondary_web_endpoint": null,
            "secondary_web_host": null,
            "sftp_enabled": false,
            "share_properties": [
              {
                "cors_rule": [],
                "retention_policy": [
                  {
                    "days": 7
                  }
                ],
                "smb": []
              }
            ],
            "shared_access_key_enabled": true,
            "static_website": [
              {
                "error_404_document": "",
                "index_document": "index.html"
              }
            ],
            "table_encryption_key_type": "Service",
            "tags": null,
            "timeouts": null
          },
          "sensitive_attributes": [],
          "private": "eyJlMmJmYjczMC1lY2FhLTExZTYtOGY4OC0zNDM2M2JjN2M0YzAiOnsiY3JlYXRlIjozNjAwMDAwMDAwMDAwLCJkZWxldGUiOjM2MDAwMDAwMDAwMDAsInJlYWQiOjMwMDAwMDAwMDAwMCwidXBkYXRlIjozNjAwMDAwMDAwMDAwfSwic2NoZW1hX3ZlcnNpb24iOiI0In0="
        }
      ]
    },
    {
      "module": "module.website",
      "mode": "managed",
      "type": "azurerm_storage_blob",
      "name": "example",
      "provider": "provider[\"registry.terraform.io/hashicorp/azurerm\"]",
      "instances": [
        {
          "schema_version": 1,
          "attributes": {
            "access_tier": "Hot",
            "cache_control": "",
            "content_md5": "",
            "content_type": "text/html",
            "id": "https://staticwebsitetway2.blob.core.windows.net/web/index.html",
            "metadata": {},
            "name": "index.html",
            "parallelism": 8,
            "size": 0,
            "source": null,
            "source_content": "\u003ch1\u003eThis is static content for Tighearnan Way's website\u003c/h1\u003e",
            "source_uri": null,
            "storage_account_name": "staticwebsitetway2",
            "storage_container_name": "web",
            "timeouts": null,
            "type": "Block",
            "url": "https://staticwebsitetway2.blob.core.windows.net/web/index.html"
          },
          "sensitive_attributes": [],
          "private": "eyJlMmJmYjczMC1lY2FhLTExZTYtOGY4OC0zNDM2M2JjN2M0YzAiOnsiY3JlYXRlIjoxODAwMDAwMDAwMDAwLCJkZWxldGUiOjE4MDAwMDAwMDAwMDAsInJlYWQiOjMwMDAwMDAwMDAwMCwidXBkYXRlIjoxODAwMDAwMDAwMDAwfSwic2NoZW1hX3ZlcnNpb24iOiIxIn0=",
          "dependencies": [
            "module.website.azurerm_storage_account.storage_account",
            "module.website.azurerm_storage_container.container"
          ]
        }
      ]
    },
    {
      "module": "module.website",
      "mode": "managed",
      "type": "azurerm_storage_container",
      "name": "container",
      "provider": "provider[\"registry.terraform.io/hashicorp/azurerm\"]",
      "instances": [
        {
          "schema_version": 1,
          "attributes": {
            "container_access_type": "blob",
            "has_immutability_policy": false,
            "has_legal_hold": false,
            "id": "https://staticwebsitetway2.blob.core.windows.net/web",
            "metadata": {},
            "name": "web",
            "resource_manager_id": "/subscriptions/02cb372f-c8c5-4a0c-b9f4-574eeb4d6d38/resourceGroups/fall23-adv-scripting-azure-tway2/providers/Microsoft.Storage/storageAccounts/staticwebsitetway2/blobServices/default/containers/web",
            "storage_account_name": "staticwebsitetway2",
            "timeouts": null
          },
          "sensitive_attributes": [],
          "private": "eyJlMmJmYjczMC1lY2FhLTExZTYtOGY4OC0zNDM2M2JjN2M0YzAiOnsiY3JlYXRlIjoxODAwMDAwMDAwMDAwLCJkZWxldGUiOjE4MDAwMDAwMDAwMDAsInJlYWQiOjMwMDAwMDAwMDAwMCwidXBkYXRlIjoxODAwMDAwMDAwMDAwfSwic2NoZW1hX3ZlcnNpb24iOiIxIn0=",
          "dependencies": [
            "module.website.azurerm_storage_account.storage_account"
          ]
        }
      ]
    }
  ],
  "check_results": [
    {
      "object_kind": "resource",
      "config_addr": "module.linuxservers.azurerm_virtual_machine.vm_windows",
      "status": "pass",
      "objects": null
    },
    {
      "object_kind": "resource",
      "config_addr": "module.linuxservers.azurerm_virtual_machine.vm_linux",
      "status": "pass",
      "objects": [
        {
          "object_addr": "module.linuxservers.azurerm_virtual_machine.vm_linux[0]",
          "status": "pass"
        }
      ]
    },
    {
      "object_kind": "resource",
      "config_addr": "module.linuxservers.azurerm_virtual_machine_extension.extension",
      "status": "pass",
      "objects": null
    },
    {
      "object_kind": "resource",
      "config_addr": "module.linuxservers.azurerm_virtual_machine_extension.extensions",
      "status": "pass",
      "objects": null
    }
  ]
}
